# This file is autogenerated, do not edit; changes may be undone by the next 'dep ensure'.


[[projects]]
  name = "github.com/PuerkitoBio/purell"
  packages = ["."]
  revision = "0bcb03f4b4d0a9428594752bd2a3b9aa0a9d4bd4"
  version = "v1.1.0"

[[projects]]
  branch = "master"
  name = "github.com/PuerkitoBio/urlesc"
  packages = ["."]
  revision = "de5bf2ad457846296e2031421a34e2568e304e35"

[[projects]]
  branch = "master"
  name = "github.com/goware/urlx"
  packages = ["."]
  revision = "e22571dfbd216d3ca34207d9a1d877f38d8f051c"

[[projects]]
  name = "github.com/pkg/errors"
  packages = ["."]
  revision = "645ef00459ed84a119197bfb8d8205042c6df63d"
  version = "v0.8.0"

[[projects]]
  branch = "master"
  name = "golang.org/x/net"
  packages = ["idna"]
  revision = "b129b8e0fbeb39c8358e51a07ab6c50ad415e72e"

[[projects]]
  branch = "master"
  name = "golang.org/x/text"
  packages = ["internal/gen","internal/triegen","internal/ucd","secure/bidirule","transform","unicode/bidi","unicode/cldr","unicode/norm","unicode/rangetable","width"]
  revision = "acd49d43e9b95df46670431bf5c7ae59586daad8"

[solve-meta]
  analyzer-name = "dep"
  analyzer-version = 1
  inputs-digest = "7169f804e1be2f1293d3567283c25667de95e59b5f637a2f99210b902a91d3b9"
  solver-name = "gps-cdcl"
  solver-version = 1
